
Microsoft Visual Studio Solution File, Format Version 12.00
# Visual Studio Version 17
VisualStudioVersion = 17.5.002.0
MinimumVisualStudioVersion = 10.0.40219.1
Project("{9A19103F-16F7-4668-BE54-9A1E7A4F7556}") = "Day1", "Day1\Day1.csproj", "{464AEF97-2082-4DB1-A240-333E35D73EA3}"
EndProject
Project("{FAE04EC0-301F-11D3-BF4B-00C04F79EFBC}") = "Day2", "Day2\Day2.csproj", "{7D6CF5CE-8AAF-4A00-9865-7C39AEB81B40}"
EndProject
Project("{FAE04EC0-301F-11D3-BF4B-00C04F79EFBC}") = "Day3", "Day3\Day3.csproj", "{2EB3204E-66C4-45D6-9E5E-F0BBE549A791}"
EndProject
Project("{FAE04EC0-301F-11D3-BF4B-00C04F79EFBC}") = "Day4", "Day4\Day4.csproj", "{58C4621E-12EB-407C-BE90-C4C29593DB0D}"
EndProject
Project("{FAE04EC0-301F-11D3-BF4B-00C04F79EFBC}") = "Day5", "Day5\Day5.csproj", "{0AEBDD49-F753-419D-A7E5-5724962340A4}"
EndProject
Project("{FAE04EC0-301F-11D3-BF4B-00C04F79EFBC}") = "Day6", "Day6\Day6.csproj", "{478214A0-8D82-46A0-97E8-31FC83137FDD}"
EndProject
Project("{FAE04EC0-301F-11D3-BF4B-00C04F79EFBC}") = "Day7", "Day7\Day7.csproj", "{C0A0B8B9-DA03-40D3-BBC5-1261018F0501}"
EndProject
Project("{FAE04EC0-301F-11D3-BF4B-00C04F79EFBC}") = "Day8", "Day8\Day8.csproj", "{7EDD76E2-5A6D-477C-B04A-6B2D44BE5133}"
EndProject
Project("{FAE04EC0-301F-11D3-BF4B-00C04F79EFBC}") = "Day9", "Day9\Day9.csproj", "{B3DCBFCD-9B35-4A13-BC86-30F2A43AFCC8}"
EndProject
Project("{FAE04EC0-301F-11D3-BF4B-00C04F79EFBC}") = "Day10", "Day10\Day10.csproj", "{643C6C62-953B-4C8D-8CF8-749CCC217200}"
EndProject
Project("{FAE04EC0-301F-11D3-BF4B-00C04F79EFBC}") = "Day11", "Day11\Day11.csproj", "{879FAC79-6D39-4960-8B3E-9B01D7431F03}"
EndProject
Project("{FAE04EC0-301F-11D3-BF4B-00C04F79EFBC}") = "Day12", "Day12\Day12.csproj", "{FA44AECB-06CE-48CF-BB51-036769D92B93}"
EndProject
Project("{FAE04EC0-301F-11D3-BF4B-00C04F79EFBC}") = "Day13", "Day13\Day13.csproj", "{4D835C77-B1CD-4BE7-A6BB-F9E0241A0C05}"
EndProject
Project("{FAE04EC0-301F-11D3-BF4B-00C04F79EFBC}") = "Day14", "Day14\Day14.csproj", "{FB7C40C3-F2F6-439A-AC47-267E2BE5BCEB}"
EndProject
Project("{FAE04EC0-301F-11D3-BF4B-00C04F79EFBC}") = "Day15", "Day15\Day15.csproj", "{769283B3-B766-4F9B-A215-586D1A57D416}"
EndProject
Project("{FAE04EC0-301F-11D3-BF4B-00C04F79EFBC}") = "Day16", "Day16\Day16.csproj", "{2034AA49-1329-4752-82AF-860CBBF2499B}"
EndProject
Project("{FAE04EC0-301F-11D3-BF4B-00C04F79EFBC}") = "Day17", "Day17\Day17.csproj", "{EF5D1245-CCBE-4DA1-8839-E0F856208F14}"
EndProject
Project("{FAE04EC0-301F-11D3-BF4B-00C04F79EFBC}") = "Day18", "Day18\Day18.csproj", "{5ECA06DA-E347-45AE-BB2F-EF56ACAB5669}"
EndProject
Project("{FAE04EC0-301F-11D3-BF4B-00C04F79EFBC}") = "Day19", "Day19\Day19.csproj", "{A524BEF9-A69A-4C9C-8BD9-CA9358699DF9}"
EndProject
Project("{FAE04EC0-301F-11D3-BF4B-00C04F79EFBC}") = "Day20", "Day20\Day20.csproj", "{0D7E6175-CF94-4E23-8322-1C61BD4D806B}"
EndProject
Project("{FAE04EC0-301F-11D3-BF4B-00C04F79EFBC}") = "Day21", "Day21\Day21.csproj", "{AC48A600-BA5A-47B8-9A70-3D9072688E23}"
EndProject
Project("{FAE04EC0-301F-11D3-BF4B-00C04F79EFBC}") = "Day22", "Day22\Day22.csproj", "{BCEBDE93-C02A-4ACD-9899-B59F1CE46031}"
EndProject
Project("{FAE04EC0-301F-11D3-BF4B-00C04F79EFBC}") = "Day23", "Day23\Day23.csproj", "{AC14C8A8-E4BA-4603-80F9-726AE9DC811C}"
EndProject
Project("{FAE04EC0-301F-11D3-BF4B-00C04F79EFBC}") = "Day24", "Day24\Day24.csproj", "{3410CC70-BC0F-4709-B664-544E9EC4032F}"
EndProject
Project("{FAE04EC0-301F-11D3-BF4B-00C04F79EFBC}") = "Day25", "Day25\Day25.csproj", "{463D80BF-A69A-409A-B9E5-236F31395DAF}"
EndProject
Global
	GlobalSection(SolutionConfigurationPlatforms) = preSolution
		Debug|Any CPU = Debug|Any CPU
		Release|Any CPU = Release|Any CPU
	EndGlobalSection
	GlobalSection(ProjectConfigurationPlatforms) = postSolution
		{464AEF97-2082-4DB1-A240-333E35D73EA3}.Debug|Any CPU.ActiveCfg = Debug|Any CPU
		{464AEF97-2082-4DB1-A240-333E35D73EA3}.Debug|Any CPU.Build.0 = Debug|Any CPU
		{464AEF97-2082-4DB1-A240-333E35D73EA3}.Release|Any CPU.ActiveCfg = Release|Any CPU
		{464AEF97-2082-4DB1-A240-333E35D73EA3}.Release|Any CPU.Build.0 = Release|Any CPU
		{7D6CF5CE-8AAF-4A00-9865-7C39AEB81B40}.Debug|Any CPU.ActiveCfg = Debug|Any CPU
		{7D6CF5CE-8AAF-4A00-9865-7C39AEB81B40}.Debug|Any CPU.Build.0 = Debug|Any CPU
		{7D6CF5CE-8AAF-4A00-9865-7C39AEB81B40}.Release|Any CPU.ActiveCfg = Release|Any CPU
		{7D6CF5CE-8AAF-4A00-9865-7C39AEB81B40}.Release|Any CPU.Build.0 = Release|Any CPU
		{2EB3204E-66C4-45D6-9E5E-F0BBE549A791}.Debug|Any CPU.ActiveCfg = Debug|Any CPU
		{2EB3204E-66C4-45D6-9E5E-F0BBE549A791}.Debug|Any CPU.Build.0 = Debug|Any CPU
		{2EB3204E-66C4-45D6-9E5E-F0BBE549A791}.Release|Any CPU.ActiveCfg = Release|Any CPU
		{2EB3204E-66C4-45D6-9E5E-F0BBE549A791}.Release|Any CPU.Build.0 = Release|Any CPU
		{58C4621E-12EB-407C-BE90-C4C29593DB0D}.Debug|Any CPU.ActiveCfg = Debug|Any CPU
		{58C4621E-12EB-407C-BE90-C4C29593DB0D}.Debug|Any CPU.Build.0 = Debug|Any CPU
		{58C4621E-12EB-407C-BE90-C4C29593DB0D}.Release|Any CPU.ActiveCfg = Release|Any CPU
		{58C4621E-12EB-407C-BE90-C4C29593DB0D}.Release|Any CPU.Build.0 = Release|Any CPU
		{0AEBDD49-F753-419D-A7E5-5724962340A4}.Debug|Any CPU.ActiveCfg = Debug|Any CPU
		{0AEBDD49-F753-419D-A7E5-5724962340A4}.Debug|Any CPU.Build.0 = Debug|Any CPU
		{0AEBDD49-F753-419D-A7E5-5724962340A4}.Release|Any CPU.ActiveCfg = Release|Any CPU
		{0AEBDD49-F753-419D-A7E5-5724962340A4}.Release|Any CPU.Build.0 = Release|Any CPU
		{478214A0-8D82-46A0-97E8-31FC83137FDD}.Debug|Any CPU.ActiveCfg = Debug|Any CPU
		{478214A0-8D82-46A0-97E8-31FC83137FDD}.Debug|Any CPU.Build.0 = Debug|Any CPU
		{478214A0-8D82-46A0-97E8-31FC83137FDD}.Release|Any CPU.ActiveCfg = Release|Any CPU
		{478214A0-8D82-46A0-97E8-31FC83137FDD}.Release|Any CPU.Build.0 = Release|Any CPU
		{C0A0B8B9-DA03-40D3-BBC5-1261018F0501}.Debug|Any CPU.ActiveCfg = Debug|Any CPU
		{C0A0B8B9-DA03-40D3-BBC5-1261018F0501}.Debug|Any CPU.Build.0 = Debug|Any CPU
		{C0A0B8B9-DA03-40D3-BBC5-1261018F0501}.Release|Any CPU.ActiveCfg = Release|Any CPU
		{C0A0B8B9-DA03-40D3-BBC5-1261018F0501}.Release|Any CPU.Build.0 = Release|Any CPU
		{7EDD76E2-5A6D-477C-B04A-6B2D44BE5133}.Debug|Any CPU.ActiveCfg = Debug|Any CPU
		{7EDD76E2-5A6D-477C-B04A-6B2D44BE5133}.Debug|Any CPU.Build.0 = Debug|Any CPU
		{7EDD76E2-5A6D-477C-B04A-6B2D44BE5133}.Release|Any CPU.ActiveCfg = Release|Any CPU
		{7EDD76E2-5A6D-477C-B04A-6B2D44BE5133}.Release|Any CPU.Build.0 = Release|Any CPU
		{B3DCBFCD-9B35-4A13-BC86-30F2A43AFCC8}.Debug|Any CPU.ActiveCfg = Debug|Any CPU
		{B3DCBFCD-9B35-4A13-BC86-30F2A43AFCC8}.Debug|Any CPU.Build.0 = Debug|Any CPU
		{B3DCBFCD-9B35-4A13-BC86-30F2A43AFCC8}.Release|Any CPU.ActiveCfg = Release|Any CPU
		{B3DCBFCD-9B35-4A13-BC86-30F2A43AFCC8}.Release|Any CPU.Build.0 = Release|Any CPU
		{643C6C62-953B-4C8D-8CF8-749CCC217200}.Debug|Any CPU.ActiveCfg = Debug|Any CPU
		{643C6C62-953B-4C8D-8CF8-749CCC217200}.Debug|Any CPU.Build.0 = Debug|Any CPU
		{643C6C62-953B-4C8D-8CF8-749CCC217200}.Release|Any CPU.ActiveCfg = Release|Any CPU
		{643C6C62-953B-4C8D-8CF8-749CCC217200}.Release|Any CPU.Build.0 = Release|Any CPU
		{879FAC79-6D39-4960-8B3E-9B01D7431F03}.Debug|Any CPU.ActiveCfg = Debug|Any CPU
		{879FAC79-6D39-4960-8B3E-9B01D7431F03}.Debug|Any CPU.Build.0 = Debug|Any CPU
		{879FAC79-6D39-4960-8B3E-9B01D7431F03}.Release|Any CPU.ActiveCfg = Release|Any CPU
		{879FAC79-6D39-4960-8B3E-9B01D7431F03}.Release|Any CPU.Build.0 = Release|Any CPU
		{FA44AECB-06CE-48CF-BB51-036769D92B93}.Debug|Any CPU.ActiveCfg = Debug|Any CPU
		{FA44AECB-06CE-48CF-BB51-036769D92B93}.Debug|Any CPU.Build.0 = Debug|Any CPU
		{FA44AECB-06CE-48CF-BB51-036769D92B93}.Release|Any CPU.ActiveCfg = Release|Any CPU
		{FA44AECB-06CE-48CF-BB51-036769D92B93}.Release|Any CPU.Build.0 = Release|Any CPU
		{4D835C77-B1CD-4BE7-A6BB-F9E0241A0C05}.Debug|Any CPU.ActiveCfg = Debug|Any CPU
		{4D835C77-B1CD-4BE7-A6BB-F9E0241A0C05}.Debug|Any CPU.Build.0 = Debug|Any CPU
		{4D835C77-B1CD-4BE7-A6BB-F9E0241A0C05}.Release|Any CPU.ActiveCfg = Release|Any CPU
		{4D835C77-B1CD-4BE7-A6BB-F9E0241A0C05}.Release|Any CPU.Build.0 = Release|Any CPU
		{FB7C40C3-F2F6-439A-AC47-267E2BE5BCEB}.Debug|Any CPU.ActiveCfg = Debug|Any CPU
		{FB7C40C3-F2F6-439A-AC47-267E2BE5BCEB}.Debug|Any CPU.Build.0 = Debug|Any CPU
		{FB7C40C3-F2F6-439A-AC47-267E2BE5BCEB}.Release|Any CPU.ActiveCfg = Release|Any CPU
		{FB7C40C3-F2F6-439A-AC47-267E2BE5BCEB}.Release|Any CPU.Build.0 = Release|Any CPU
		{769283B3-B766-4F9B-A215-586D1A57D416}.Debug|Any CPU.ActiveCfg = Debug|Any CPU
		{769283B3-B766-4F9B-A215-586D1A57D416}.Debug|Any CPU.Build.0 = Debug|Any CPU
		{769283B3-B766-4F9B-A215-586D1A57D416}.Release|Any CPU.ActiveCfg = Release|Any CPU
		{769283B3-B766-4F9B-A215-586D1A57D416}.Release|Any CPU.Build.0 = Release|Any CPU
		{2034AA49-1329-4752-82AF-860CBBF2499B}.Debug|Any CPU.ActiveCfg = Debug|Any CPU
		{2034AA49-1329-4752-82AF-860CBBF2499B}.Debug|Any CPU.Build.0 = Debug|Any CPU
		{2034AA49-1329-4752-82AF-860CBBF2499B}.Release|Any CPU.ActiveCfg = Release|Any CPU
		{2034AA49-1329-4752-82AF-860CBBF2499B}.Release|Any CPU.Build.0 = Release|Any CPU
		{EF5D1245-CCBE-4DA1-8839-E0F856208F14}.Debug|Any CPU.ActiveCfg = Debug|Any CPU
		{EF5D1245-CCBE-4DA1-8839-E0F856208F14}.Debug|Any CPU.Build.0 = Debug|Any CPU
		{EF5D1245-CCBE-4DA1-8839-E0F856208F14}.Release|Any CPU.ActiveCfg = Release|Any CPU
		{EF5D1245-CCBE-4DA1-8839-E0F856208F14}.Release|Any CPU.Build.0 = Release|Any CPU
		{5ECA06DA-E347-45AE-BB2F-EF56ACAB5669}.Debug|Any CPU.ActiveCfg = Debug|Any CPU
		{5ECA06DA-E347-45AE-BB2F-EF56ACAB5669}.Debug|Any CPU.Build.0 = Debug|Any CPU
		{5ECA06DA-E347-45AE-BB2F-EF56ACAB5669}.Release|Any CPU.ActiveCfg = Release|Any CPU
		{5ECA06DA-E347-45AE-BB2F-EF56ACAB5669}.Release|Any CPU.Build.0 = Release|Any CPU
		{A524BEF9-A69A-4C9C-8BD9-CA9358699DF9}.Debug|Any CPU.ActiveCfg = Debug|Any CPU
		{A524BEF9-A69A-4C9C-8BD9-CA9358699DF9}.Debug|Any CPU.Build.0 = Debug|Any CPU
		{A524BEF9-A69A-4C9C-8BD9-CA9358699DF9}.Release|Any CPU.ActiveCfg = Release|Any CPU
		{A524BEF9-A69A-4C9C-8BD9-CA9358699DF9}.Release|Any CPU.Build.0 = Release|Any CPU
		{0D7E6175-CF94-4E23-8322-1C61BD4D806B}.Debug|Any CPU.ActiveCfg = Debug|Any CPU
		{0D7E6175-CF94-4E23-8322-1C61BD4D806B}.Debug|Any CPU.Build.0 = Debug|Any CPU
		{0D7E6175-CF94-4E23-8322-1C61BD4D806B}.Release|Any CPU.ActiveCfg = Release|Any CPU
		{0D7E6175-CF94-4E23-8322-1C61BD4D806B}.Release|Any CPU.Build.0 = Release|Any CPU
		{AC48A600-BA5A-47B8-9A70-3D9072688E23}.Debug|Any CPU.ActiveCfg = Debug|Any CPU
		{AC48A600-BA5A-47B8-9A70-3D9072688E23}.Debug|Any CPU.Build.0 = Debug|Any CPU
		{AC48A600-BA5A-47B8-9A70-3D9072688E23}.Release|Any CPU.ActiveCfg = Release|Any CPU
		{AC48A600-BA5A-47B8-9A70-3D9072688E23}.Release|Any CPU.Build.0 = Release|Any CPU
		{BCEBDE93-C02A-4ACD-9899-B59F1CE46031}.Debug|Any CPU.ActiveCfg = Debug|Any CPU
		{BCEBDE93-C02A-4ACD-9899-B59F1CE46031}.Debug|Any CPU.Build.0 = Debug|Any CPU
		{BCEBDE93-C02A-4ACD-9899-B59F1CE46031}.Release|Any CPU.ActiveCfg = Release|Any CPU
		{BCEBDE93-C02A-4ACD-9899-B59F1CE46031}.Release|Any CPU.Build.0 = Release|Any CPU
		{AC14C8A8-E4BA-4603-80F9-726AE9DC811C}.Debug|Any CPU.ActiveCfg = Debug|Any CPU
		{AC14C8A8-E4BA-4603-80F9-726AE9DC811C}.Debug|Any CPU.Build.0 = Debug|Any CPU
		{AC14C8A8-E4BA-4603-80F9-726AE9DC811C}.Release|Any CPU.ActiveCfg = Release|Any CPU
		{AC14C8A8-E4BA-4603-80F9-726AE9DC811C}.Release|Any CPU.Build.0 = Release|Any CPU
		{3410CC70-BC0F-4709-B664-544E9EC4032F}.Debug|Any CPU.ActiveCfg = Debug|Any CPU
		{3410CC70-BC0F-4709-B664-544E9EC4032F}.Debug|Any CPU.Build.0 = Debug|Any CPU
		{3410CC70-BC0F-4709-B664-544E9EC4032F}.Release|Any CPU.ActiveCfg = Release|Any CPU
		{3410CC70-BC0F-4709-B664-544E9EC4032F}.Release|Any CPU.Build.0 = Release|Any CPU
		{463D80BF-A69A-409A-B9E5-236F31395DAF}.Debug|Any CPU.ActiveCfg = Debug|Any CPU
		{463D80BF-A69A-409A-B9E5-236F31395DAF}.Debug|Any CPU.Build.0 = Debug|Any CPU
		{463D80BF-A69A-409A-B9E5-236F31395DAF}.Release|Any CPU.ActiveCfg = Release|Any CPU
		{463D80BF-A69A-409A-B9E5-236F31395DAF}.Release|Any CPU.Build.0 = Release|Any CPU
	EndGlobalSection
	GlobalSection(SolutionProperties) = preSolution
		HideSolutionNode = FALSE
	EndGlobalSection
	GlobalSection(ExtensibilityGlobals) = postSolution
		SolutionGuid = {993A2C65-7D7D-4506-8677-4759E292FC6D}
	EndGlobalSection
EndGlobal
